
Microsoft Visual Studio Solution File, Format Version 12.00
# Visual Studio Version 17
VisualStudioVersion = 17.0.31410.414
MinimumVisualStudioVersion = 10.0.40219.1
Project("{9A19103F-16F7-4668-BE54-9A1E7A4F7556}") = "mCompressdotNET6", "mCompressdotNET6.csproj", "{E23ACD10-4D3B-4444-934A-A4437B027142}"
EndProject
Project("{FAE04EC0-301F-11D3-BF4B-00C04F79EFBC}") = "TestingConsole", "..\TestingConsole\TestingConsole.csproj", "{B7827B02-3744-47E7-BCAC-6BAA0BDE1C30}"
EndProject
Global
	GlobalSection(SolutionConfigurationPlatforms) = preSolution
		Debug|Any CPU = Debug|Any CPU
		Release|Any CPU = Release|Any CPU
	EndGlobalSection
	GlobalSection(ProjectConfigurationPlatforms) = postSolution
		{E23ACD10-4D3B-4444-934A-A4437B027142}.Debug|Any CPU.ActiveCfg = Debug|Any CPU
		{E23ACD10-4D3B-4444-934A-A4437B027142}.Debug|Any CPU.Build.0 = Debug|Any CPU
		{E23ACD10-4D3B-4444-934A-A4437B027142}.Release|Any CPU.ActiveCfg = Release|Any CPU
		{E23ACD10-4D3B-4444-934A-A4437B027142}.Release|Any CPU.Build.0 = Release|Any CPU
		{B7827B02-3744-47E7-BCAC-6BAA0BDE1C30}.Debug|Any CPU.ActiveCfg = Debug|Any CPU
		{B7827B02-3744-47E7-BCAC-6BAA0BDE1C30}.Debug|Any CPU.Build.0 = Debug|Any CPU
		{B7827B02-3744-47E7-BCAC-6BAA0BDE1C30}.Release|Any CPU.ActiveCfg = Release|Any CPU
		{B7827B02-3744-47E7-BCAC-6BAA0BDE1C30}.Release|Any CPU.Build.0 = Release|Any CPU
	EndGlobalSection
	GlobalSection(SolutionProperties) = preSolution
		HideSolutionNode = FALSE
	EndGlobalSection
	GlobalSection(ExtensibilityGlobals) = postSolution
		SolutionGuid = {75916EEA-7E21-49BA-B05D-540A6CA158BF}
	EndGlobalSection
EndGlobal
